github.com/lib/pq v1.10.9 h1:YXG7RB+JIjhP29X+OtkiDnYaXQwpS4JEWq7dtCCRUEw=
github.com/lib/pq v1.10.9/go.mod h1:AlVN5x4E4T544tWzH6hKfbfQvm3HdbOxrmggDNAPY9o=
gitlab.com/metakeule/fmtdate v1.2.2 h1:ce0Qnwo6PAONi6xwPr4YxdxAFIKqNfoMbHG4c49vIjk=
gitlab.com/metakeule/fmtdate v1.2.2/go.mod h1:uZUf21xepWGLp6PgJGBbHeBVWO+/gsKi3Gdh0Fu4lGg=
